
Microsoft Visual Studio Solution File, Format Version 12.00
# Visual Studio 15
VisualStudioVersion = 15.0.26730.16
MinimumVisualStudioVersion = 10.0.40219.1
Project("{FAE04EC0-301F-11D3-BF4B-00C04F79EFBC}") = "XamarinCP.Android", "XamarinCP\XamarinCP.Android\XamarinCP.Android.csproj", "{5A46EEE9-17EE-4278-B2D2-4E9034EAD5B4}"
EndProject
Project("{FAE04EC0-301F-11D3-BF4B-00C04F79EFBC}") = "XamarinCP", "XamarinCP\XamarinCP\XamarinCP.csproj", "{99B91EEE-1271-47E2-B98B-8F2CA8065C15}"
EndProject
Project("{FAE04EC0-301F-11D3-BF4B-00C04F79EFBC}") = "XamarinCP.UWP", "XamarinCP\XamarinCP.UWP\XamarinCP.UWP.csproj", "{E9A262F0-3127-40D5-8E27-3B0773919360}"
EndProject
Project("{FAE04EC0-301F-11D3-BF4B-00C04F79EFBC}") = "XamarinCP.iOS", "XamarinCP\XamarinCP.iOS\XamarinCP.iOS.csproj", "{6F1EAEC3-24FA-4C9E-B819-60F6EAC6C2B9}"
EndProject
Project("{FAE04EC0-301F-11D3-BF4B-00C04F79EFBC}") = "XamarinCP.WebApi", "XamarinCP.WebApi\XamarinCP.WebApi.csproj", "{D2FC3C0F-B109-4BA8-A08E-39AF03841571}"
EndProject
Project("{FAE04EC0-301F-11D3-BF4B-00C04F79EFBC}") = "XamarinCP.WebApi.Tests", "XamarinCP.WebApi.Tests\XamarinCP.WebApi.Tests.csproj", "{2B190323-BE58-452D-AB83-A9D6456AC404}"
EndProject
Global
	GlobalSection(SolutionConfigurationPlatforms) = preSolution
		Ad-Hoc|Any CPU = Ad-Hoc|Any CPU
		Ad-Hoc|ARM = Ad-Hoc|ARM
		Ad-Hoc|iPhone = Ad-Hoc|iPhone
		Ad-Hoc|iPhoneSimulator = Ad-Hoc|iPhoneSimulator
		Ad-Hoc|x64 = Ad-Hoc|x64
		Ad-Hoc|x86 = Ad-Hoc|x86
		AppStore|Any CPU = AppStore|Any CPU
		AppStore|ARM = AppStore|ARM
		AppStore|iPhone = AppStore|iPhone
		AppStore|iPhoneSimulator = AppStore|iPhoneSimulator
		AppStore|x64 = AppStore|x64
		AppStore|x86 = AppStore|x86
		Debug|Any CPU = Debug|Any CPU
		Debug|ARM = Debug|ARM
		Debug|iPhone = Debug|iPhone
		Debug|iPhoneSimulator = Debug|iPhoneSimulator
		Debug|x64 = Debug|x64
		Debug|x86 = Debug|x86
		Release|Any CPU = Release|Any CPU
		Release|ARM = Release|ARM
		Release|iPhone = Release|iPhone
		Release|iPhoneSimulator = Release|iPhoneSimulator
		Release|x64 = Release|x64
		Release|x86 = Release|x86
	EndGlobalSection
	GlobalSection(ProjectConfigurationPlatforms) = postSolution
		{5A46EEE9-17EE-4278-B2D2-4E9034EAD5B4}.Ad-Hoc|Any CPU.ActiveCfg = Release|Any CPU
		{5A46EEE9-17EE-4278-B2D2-4E9034EAD5B4}.Ad-Hoc|Any CPU.Build.0 = Release|Any CPU
		{5A46EEE9-17EE-4278-B2D2-4E9034EAD5B4}.Ad-Hoc|Any CPU.Deploy.0 = Release|Any CPU
		{5A46EEE9-17EE-4278-B2D2-4E9034EAD5B4}.Ad-Hoc|ARM.ActiveCfg = Release|Any CPU
		{5A46EEE9-17EE-4278-B2D2-4E9034EAD5B4}.Ad-Hoc|ARM.Build.0 = Release|Any CPU
		{5A46EEE9-17EE-4278-B2D2-4E9034EAD5B4}.Ad-Hoc|ARM.Deploy.0 = Release|Any CPU
		{5A46EEE9-17EE-4278-B2D2-4E9034EAD5B4}.Ad-Hoc|iPhone.ActiveCfg = Release|Any CPU
		{5A46EEE9-17EE-4278-B2D2-4E9034EAD5B4}.Ad-Hoc|iPhone.Build.0 = Release|Any CPU
		{5A46EEE9-17EE-4278-B2D2-4E9034EAD5B4}.Ad-Hoc|iPhone.Deploy.0 = Release|Any CPU
		{5A46EEE9-17EE-4278-B2D2-4E9034EAD5B4}.Ad-Hoc|iPhoneSimulator.ActiveCfg = Release|Any CPU
		{5A46EEE9-17EE-4278-B2D2-4E9034EAD5B4}.Ad-Hoc|iPhoneSimulator.Build.0 = Release|Any CPU
		{5A46EEE9-17EE-4278-B2D2-4E9034EAD5B4}.Ad-Hoc|iPhoneSimulator.Deploy.0 = Release|Any CPU
		{5A46EEE9-17EE-4278-B2D2-4E9034EAD5B4}.Ad-Hoc|x64.ActiveCfg = Release|Any CPU
		{5A46EEE9-17EE-4278-B2D2-4E9034EAD5B4}.Ad-Hoc|x64.Build.0 = Release|Any CPU
		{5A46EEE9-17EE-4278-B2D2-4E9034EAD5B4}.Ad-Hoc|x64.Deploy.0 = Release|Any CPU
		{5A46EEE9-17EE-4278-B2D2-4E9034EAD5B4}.Ad-Hoc|x86.ActiveCfg = Release|Any CPU
		{5A46EEE9-17EE-4278-B2D2-4E9034EAD5B4}.Ad-Hoc|x86.Build.0 = Release|Any CPU
		{5A46EEE9-17EE-4278-B2D2-4E9034EAD5B4}.Ad-Hoc|x86.Deploy.0 = Release|Any CPU
		{5A46EEE9-17EE-4278-B2D2-4E9034EAD5B4}.AppStore|Any CPU.ActiveCfg = Release|Any CPU
		{5A46EEE9-17EE-4278-B2D2-4E9034EAD5B4}.AppStore|Any CPU.Build.0 = Release|Any CPU
		{5A46EEE9-17EE-4278-B2D2-4E9034EAD5B4}.AppStore|Any CPU.Deploy.0 = Release|Any CPU
		{5A46EEE9-17EE-4278-B2D2-4E9034EAD5B4}.AppStore|ARM.ActiveCfg = Release|Any CPU
		{5A46EEE9-17EE-4278-B2D2-4E9034EAD5B4}.AppStore|ARM.Build.0 = Release|Any CPU
		{5A46EEE9-17EE-4278-B2D2-4E9034EAD5B4}.AppStore|ARM.Deploy.0 = Release|Any CPU
		{5A46EEE9-17EE-4278-B2D2-4E9034EAD5B4}.AppStore|iPhone.ActiveCfg = Release|Any CPU
		{5A46EEE9-17EE-4278-B2D2-4E9034EAD5B4}.AppStore|iPhone.Build.0 = Release|Any CPU
		{5A46EEE9-17EE-4278-B2D2-4E9034EAD5B4}.AppStore|iPhone.Deploy.0 = Release|Any CPU
		{5A46EEE9-17EE-4278-B2D2-4E9034EAD5B4}.AppStore|iPhoneSimulator.ActiveCfg = Release|Any CPU
		{5A46EEE9-17EE-4278-B2D2-4E9034EAD5B4}.AppStore|iPhoneSimulator.Build.0 = Release|Any CPU
		{5A46EEE9-17EE-4278-B2D2-4E9034EAD5B4}.AppStore|iPhoneSimulator.Deploy.0 = Release|Any CPU
		{5A46EEE9-17EE-4278-B2D2-4E9034EAD5B4}.AppStore|x64.ActiveCfg = Release|Any CPU
		{5A46EEE9-17EE-4278-B2D2-4E9034EAD5B4}.AppStore|x64.Build.0 = Release|Any CPU
		{5A46EEE9-17EE-4278-B2D2-4E9034EAD5B4}.AppStore|x64.Deploy.0 = Release|Any CPU
		{5A46EEE9-17EE-4278-B2D2-4E9034EAD5B4}.AppStore|x86.ActiveCfg = Release|Any CPU
		{5A46EEE9-17EE-4278-B2D2-4E9034EAD5B4}.AppStore|x86.Build.0 = Release|Any CPU
		{5A46EEE9-17EE-4278-B2D2-4E9034EAD5B4}.AppStore|x86.Deploy.0 = Release|Any CPU
		{5A46EEE9-17EE-4278-B2D2-4E9034EAD5B4}.Debug|Any CPU.ActiveCfg = Debug|Any CPU
		{5A46EEE9-17EE-4278-B2D2-4E9034EAD5B4}.Debug|Any CPU.Build.0 = Debug|Any CPU
		{5A46EEE9-17EE-4278-B2D2-4E9034EAD5B4}.Debug|Any CPU.Deploy.0 = Debug|Any CPU
		{5A46EEE9-17EE-4278-B2D2-4E9034EAD5B4}.Debug|ARM.ActiveCfg = Debug|Any CPU
		{5A46EEE9-17EE-4278-B2D2-4E9034EAD5B4}.Debug|ARM.Build.0 = Debug|Any CPU
		{5A46EEE9-17EE-4278-B2D2-4E9034EAD5B4}.Debug|ARM.Deploy.0 = Debug|Any CPU
		{5A46EEE9-17EE-4278-B2D2-4E9034EAD5B4}.Debug|iPhone.ActiveCfg = Debug|Any CPU
		{5A46EEE9-17EE-4278-B2D2-4E9034EAD5B4}.Debug|iPhone.Build.0 = Debug|Any CPU
		{5A46EEE9-17EE-4278-B2D2-4E9034EAD5B4}.Debug|iPhone.Deploy.0 = Debug|Any CPU
		{5A46EEE9-17EE-4278-B2D2-4E9034EAD5B4}.Debug|iPhoneSimulator.ActiveCfg = Debug|Any CPU
		{5A46EEE9-17EE-4278-B2D2-4E9034EAD5B4}.Debug|iPhoneSimulator.Build.0 = Debug|Any CPU
		{5A46EEE9-17EE-4278-B2D2-4E9034EAD5B4}.Debug|iPhoneSimulator.Deploy.0 = Debug|Any CPU
		{5A46EEE9-17EE-4278-B2D2-4E9034EAD5B4}.Debug|x64.ActiveCfg = Debug|Any CPU
		{5A46EEE9-17EE-4278-B2D2-4E9034EAD5B4}.Debug|x64.Build.0 = Debug|Any CPU
		{5A46EEE9-17EE-4278-B2D2-4E9034EAD5B4}.Debug|x64.Deploy.0 = Debug|Any CPU
		{5A46EEE9-17EE-4278-B2D2-4E9034EAD5B4}.Debug|x86.ActiveCfg = Debug|Any CPU
		{5A46EEE9-17EE-4278-B2D2-4E9034EAD5B4}.Debug|x86.Build.0 = Debug|Any CPU
		{5A46EEE9-17EE-4278-B2D2-4E9034EAD5B4}.Debug|x86.Deploy.0 = Debug|Any CPU
		{5A46EEE9-17EE-4278-B2D2-4E9034EAD5B4}.Release|Any CPU.ActiveCfg = Release|Any CPU
		{5A46EEE9-17EE-4278-B2D2-4E9034EAD5B4}.Release|Any CPU.Build.0 = Release|Any CPU
		{5A46EEE9-17EE-4278-B2D2-4E9034EAD5B4}.Release|Any CPU.Deploy.0 = Release|Any CPU
		{5A46EEE9-17EE-4278-B2D2-4E9034EAD5B4}.Release|ARM.ActiveCfg = Release|Any CPU
		{5A46EEE9-17EE-4278-B2D2-4E9034EAD5B4}.Release|ARM.Build.0 = Release|Any CPU
		{5A46EEE9-17EE-4278-B2D2-4E9034EAD5B4}.Release|ARM.Deploy.0 = Release|Any CPU
		{5A46EEE9-17EE-4278-B2D2-4E9034EAD5B4}.Release|iPhone.ActiveCfg = Release|Any CPU
		{5A46EEE9-17EE-4278-B2D2-4E9034EAD5B4}.Release|iPhone.Build.0 = Release|Any CPU
		{5A46EEE9-17EE-4278-B2D2-4E9034EAD5B4}.Release|iPhone.Deploy.0 = Release|Any CPU
		{5A46EEE9-17EE-4278-B2D2-4E9034EAD5B4}.Release|iPhoneSimulator.ActiveCfg = Release|Any CPU
		{5A46EEE9-17EE-4278-B2D2-4E9034EAD5B4}.Release|iPhoneSimulator.Build.0 = Release|Any CPU
		{5A46EEE9-17EE-4278-B2D2-4E9034EAD5B4}.Release|iPhoneSimulator.Deploy.0 = Release|Any CPU
		{5A46EEE9-17EE-4278-B2D2-4E9034EAD5B4}.Release|x64.ActiveCfg = Release|Any CPU
		{5A46EEE9-17EE-4278-B2D2-4E9034EAD5B4}.Release|x64.Build.0 = Release|Any CPU
		{5A46EEE9-17EE-4278-B2D2-4E9034EAD5B4}.Release|x64.Deploy.0 = Release|Any CPU
		{5A46EEE9-17EE-4278-B2D2-4E9034EAD5B4}.Release|x86.ActiveCfg = Release|Any CPU
		{5A46EEE9-17EE-4278-B2D2-4E9034EAD5B4}.Release|x86.Build.0 = Release|Any CPU
		{5A46EEE9-17EE-4278-B2D2-4E9034EAD5B4}.Release|x86.Deploy.0 = Release|Any CPU
		{99B91EEE-1271-47E2-B98B-8F2CA8065C15}.Ad-Hoc|Any CPU.ActiveCfg = Release|Any CPU
		{99B91EEE-1271-47E2-B98B-8F2CA8065C15}.Ad-Hoc|Any CPU.Build.0 = Release|Any CPU
		{99B91EEE-1271-47E2-B98B-8F2CA8065C15}.Ad-Hoc|ARM.ActiveCfg = Release|Any CPU
		{99B91EEE-1271-47E2-B98B-8F2CA8065C15}.Ad-Hoc|ARM.Build.0 = Release|Any CPU
		{99B91EEE-1271-47E2-B98B-8F2CA8065C15}.Ad-Hoc|iPhone.ActiveCfg = Release|Any CPU
		{99B91EEE-1271-47E2-B98B-8F2CA8065C15}.Ad-Hoc|iPhone.Build.0 = Release|Any CPU
		{99B91EEE-1271-47E2-B98B-8F2CA8065C15}.Ad-Hoc|iPhoneSimulator.ActiveCfg = Release|Any CPU
		{99B91EEE-1271-47E2-B98B-8F2CA8065C15}.Ad-Hoc|iPhoneSimulator.Build.0 = Release|Any CPU
		{99B91EEE-1271-47E2-B98B-8F2CA8065C15}.Ad-Hoc|x64.ActiveCfg = Release|Any CPU
		{99B91EEE-1271-47E2-B98B-8F2CA8065C15}.Ad-Hoc|x64.Build.0 = Release|Any CPU
		{99B91EEE-1271-47E2-B98B-8F2CA8065C15}.Ad-Hoc|x86.ActiveCfg = Release|Any CPU
		{99B91EEE-1271-47E2-B98B-8F2CA8065C15}.Ad-Hoc|x86.Build.0 = Release|Any CPU
		{99B91EEE-1271-47E2-B98B-8F2CA8065C15}.AppStore|Any CPU.ActiveCfg = Release|Any CPU
		{99B91EEE-1271-47E2-B98B-8F2CA8065C15}.AppStore|Any CPU.Build.0 = Release|Any CPU
		{99B91EEE-1271-47E2-B98B-8F2CA8065C15}.AppStore|ARM.ActiveCfg = Release|Any CPU
		{99B91EEE-1271-47E2-B98B-8F2CA8065C15}.AppStore|ARM.Build.0 = Release|Any CPU
		{99B91EEE-1271-47E2-B98B-8F2CA8065C15}.AppStore|iPhone.ActiveCfg = Release|Any CPU
		{99B91EEE-1271-47E2-B98B-8F2CA8065C15}.AppStore|iPhone.Build.0 = Release|Any CPU
		{99B91EEE-1271-47E2-B98B-8F2CA8065C15}.AppStore|iPhoneSimulator.ActiveCfg = Release|Any CPU
		{99B91EEE-1271-47E2-B98B-8F2CA8065C15}.AppStore|iPhoneSimulator.Build.0 = Release|Any CPU
		{99B91EEE-1271-47E2-B98B-8F2CA8065C15}.AppStore|x64.ActiveCfg = Release|Any CPU
		{99B91EEE-1271-47E2-B98B-8F2CA8065C15}.AppStore|x64.Build.0 = Release|Any CPU
		{99B91EEE-1271-47E2-B98B-8F2CA8065C15}.AppStore|x86.ActiveCfg = Release|Any CPU
		{99B91EEE-1271-47E2-B98B-8F2CA8065C15}.AppStore|x86.Build.0 = Release|Any CPU
		{99B91EEE-1271-47E2-B98B-8F2CA8065C15}.Debug|Any CPU.ActiveCfg = Debug|Any CPU
		{99B91EEE-1271-47E2-B98B-8F2CA8065C15}.Debug|Any CPU.Build.0 = Debug|Any CPU
		{99B91EEE-1271-47E2-B98B-8F2CA8065C15}.Debug|ARM.ActiveCfg = Debug|Any CPU
		{99B91EEE-1271-47E2-B98B-8F2CA8065C15}.Debug|ARM.Build.0 = Debug|Any CPU
		{99B91EEE-1271-47E2-B98B-8F2CA8065C15}.Debug|iPhone.ActiveCfg = Debug|Any CPU
		{99B91EEE-1271-47E2-B98B-8F2CA8065C15}.Debug|iPhone.Build.0 = Debug|Any CPU
		{99B91EEE-1271-47E2-B98B-8F2CA8065C15}.Debug|iPhoneSimulator.ActiveCfg = Debug|Any CPU
		{99B91EEE-1271-47E2-B98B-8F2CA8065C15}.Debug|iPhoneSimulator.Build.0 = Debug|Any CPU
		{99B91EEE-1271-47E2-B98B-8F2CA8065C15}.Debug|x64.ActiveCfg = Debug|Any CPU
		{99B91EEE-1271-47E2-B98B-8F2CA8065C15}.Debug|x64.Build.0 = Debug|Any CPU
		{99B91EEE-1271-47E2-B98B-8F2CA8065C15}.Debug|x86.ActiveCfg = Debug|Any CPU
		{99B91EEE-1271-47E2-B98B-8F2CA8065C15}.Debug|x86.Build.0 = Debug|Any CPU
		{99B91EEE-1271-47E2-B98B-8F2CA8065C15}.Release|Any CPU.ActiveCfg = Release|Any CPU
		{99B91EEE-1271-47E2-B98B-8F2CA8065C15}.Release|Any CPU.Build.0 = Release|Any CPU
		{99B91EEE-1271-47E2-B98B-8F2CA8065C15}.Release|ARM.ActiveCfg = Release|Any CPU
		{99B91EEE-1271-47E2-B98B-8F2CA8065C15}.Release|ARM.Build.0 = Release|Any CPU
		{99B91EEE-1271-47E2-B98B-8F2CA8065C15}.Release|iPhone.ActiveCfg = Release|Any CPU
		{99B91EEE-1271-47E2-B98B-8F2CA8065C15}.Release|iPhone.Build.0 = Release|Any CPU
		{99B91EEE-1271-47E2-B98B-8F2CA8065C15}.Release|iPhoneSimulator.ActiveCfg = Release|Any CPU
		{99B91EEE-1271-47E2-B98B-8F2CA8065C15}.Release|iPhoneSimulator.Build.0 = Release|Any CPU
		{99B91EEE-1271-47E2-B98B-8F2CA8065C15}.Release|x64.ActiveCfg = Release|Any CPU
		{99B91EEE-1271-47E2-B98B-8F2CA8065C15}.Release|x64.Build.0 = Release|Any CPU
		{99B91EEE-1271-47E2-B98B-8F2CA8065C15}.Release|x86.ActiveCfg = Release|Any CPU
		{99B91EEE-1271-47E2-B98B-8F2CA8065C15}.Release|x86.Build.0 = Release|Any CPU
		{E9A262F0-3127-40D5-8E27-3B0773919360}.Ad-Hoc|Any CPU.ActiveCfg = Release|x86
		{E9A262F0-3127-40D5-8E27-3B0773919360}.Ad-Hoc|Any CPU.Build.0 = Release|x86
		{E9A262F0-3127-40D5-8E27-3B0773919360}.Ad-Hoc|Any CPU.Deploy.0 = Release|x86
		{E9A262F0-3127-40D5-8E27-3B0773919360}.Ad-Hoc|ARM.ActiveCfg = Release|ARM
		{E9A262F0-3127-40D5-8E27-3B0773919360}.Ad-Hoc|ARM.Build.0 = Release|ARM
		{E9A262F0-3127-40D5-8E27-3B0773919360}.Ad-Hoc|ARM.Deploy.0 = Release|ARM
		{E9A262F0-3127-40D5-8E27-3B0773919360}.Ad-Hoc|iPhone.ActiveCfg = Release|x86
		{E9A262F0-3127-40D5-8E27-3B0773919360}.Ad-Hoc|iPhone.Build.0 = Release|x86
		{E9A262F0-3127-40D5-8E27-3B0773919360}.Ad-Hoc|iPhone.Deploy.0 = Release|x86
		{E9A262F0-3127-40D5-8E27-3B0773919360}.Ad-Hoc|iPhoneSimulator.ActiveCfg = Release|x86
		{E9A262F0-3127-40D5-8E27-3B0773919360}.Ad-Hoc|iPhoneSimulator.Build.0 = Release|x86
		{E9A262F0-3127-40D5-8E27-3B0773919360}.Ad-Hoc|iPhoneSimulator.Deploy.0 = Release|x86
		{E9A262F0-3127-40D5-8E27-3B0773919360}.Ad-Hoc|x64.ActiveCfg = Release|x64
		{E9A262F0-3127-40D5-8E27-3B0773919360}.Ad-Hoc|x64.Build.0 = Release|x64
		{E9A262F0-3127-40D5-8E27-3B0773919360}.Ad-Hoc|x64.Deploy.0 = Release|x64
		{E9A262F0-3127-40D5-8E27-3B0773919360}.Ad-Hoc|x86.ActiveCfg = Release|x86
		{E9A262F0-3127-40D5-8E27-3B0773919360}.Ad-Hoc|x86.Build.0 = Release|x86
		{E9A262F0-3127-40D5-8E27-3B0773919360}.Ad-Hoc|x86.Deploy.0 = Release|x86
		{E9A262F0-3127-40D5-8E27-3B0773919360}.AppStore|Any CPU.ActiveCfg = Release|x86
		{E9A262F0-3127-40D5-8E27-3B0773919360}.AppStore|Any CPU.Build.0 = Release|x86
		{E9A262F0-3127-40D5-8E27-3B0773919360}.AppStore|Any CPU.Deploy.0 = Release|x86
		{E9A262F0-3127-40D5-8E27-3B0773919360}.AppStore|ARM.ActiveCfg = Release|ARM
		{E9A262F0-3127-40D5-8E27-3B0773919360}.AppStore|ARM.Build.0 = Release|ARM
		{E9A262F0-3127-40D5-8E27-3B0773919360}.AppStore|ARM.Deploy.0 = Release|ARM
		{E9A262F0-3127-40D5-8E27-3B0773919360}.AppStore|iPhone.ActiveCfg = Release|x86
		{E9A262F0-3127-40D5-8E27-3B0773919360}.AppStore|iPhone.Build.0 = Release|x86
		{E9A262F0-3127-40D5-8E27-3B0773919360}.AppStore|iPhone.Deploy.0 = Release|x86
		{E9A262F0-3127-40D5-8E27-3B0773919360}.AppStore|iPhoneSimulator.ActiveCfg = Release|x86
		{E9A262F0-3127-40D5-8E27-3B0773919360}.AppStore|iPhoneSimulator.Build.0 = Release|x86
		{E9A262F0-3127-40D5-8E27-3B0773919360}.AppStore|iPhoneSimulator.Deploy.0 = Release|x86
		{E9A262F0-3127-40D5-8E27-3B0773919360}.AppStore|x64.ActiveCfg = Release|x64
		{E9A262F0-3127-40D5-8E27-3B0773919360}.AppStore|x64.Build.0 = Release|x64
		{E9A262F0-3127-40D5-8E27-3B0773919360}.AppStore|x64.Deploy.0 = Release|x64
		{E9A262F0-3127-40D5-8E27-3B0773919360}.AppStore|x86.ActiveCfg = Release|x86
		{E9A262F0-3127-40D5-8E27-3B0773919360}.AppStore|x86.Build.0 = Release|x86
		{E9A262F0-3127-40D5-8E27-3B0773919360}.AppStore|x86.Deploy.0 = Release|x86
		{E9A262F0-3127-40D5-8E27-3B0773919360}.Debug|Any CPU.ActiveCfg = Debug|x86
		{E9A262F0-3127-40D5-8E27-3B0773919360}.Debug|ARM.ActiveCfg = Debug|ARM
		{E9A262F0-3127-40D5-8E27-3B0773919360}.Debug|ARM.Build.0 = Debug|ARM
		{E9A262F0-3127-40D5-8E27-3B0773919360}.Debug|ARM.Deploy.0 = Debug|ARM
		{E9A262F0-3127-40D5-8E27-3B0773919360}.Debug|iPhone.ActiveCfg = Debug|x86
		{E9A262F0-3127-40D5-8E27-3B0773919360}.Debug|iPhoneSimulator.ActiveCfg = Debug|x86
		{E9A262F0-3127-40D5-8E27-3B0773919360}.Debug|x64.ActiveCfg = Debug|x64
		{E9A262F0-3127-40D5-8E27-3B0773919360}.Debug|x64.Build.0 = Debug|x64
		{E9A262F0-3127-40D5-8E27-3B0773919360}.Debug|x64.Deploy.0 = Debug|x64
		{E9A262F0-3127-40D5-8E27-3B0773919360}.Debug|x86.ActiveCfg = Debug|x86
		{E9A262F0-3127-40D5-8E27-3B0773919360}.Debug|x86.Build.0 = Debug|x86
		{E9A262F0-3127-40D5-8E27-3B0773919360}.Debug|x86.Deploy.0 = Debug|x86
		{E9A262F0-3127-40D5-8E27-3B0773919360}.Release|Any CPU.ActiveCfg = Release|x86
		{E9A262F0-3127-40D5-8E27-3B0773919360}.Release|ARM.ActiveCfg = Release|ARM
		{E9A262F0-3127-40D5-8E27-3B0773919360}.Release|ARM.Build.0 = Release|ARM
		{E9A262F0-3127-40D5-8E27-3B0773919360}.Release|ARM.Deploy.0 = Release|ARM
		{E9A262F0-3127-40D5-8E27-3B0773919360}.Release|iPhone.ActiveCfg = Release|x86
		{E9A262F0-3127-40D5-8E27-3B0773919360}.Release|iPhoneSimulator.ActiveCfg = Release|x86
		{E9A262F0-3127-40D5-8E27-3B0773919360}.Release|x64.ActiveCfg = Release|x64
		{E9A262F0-3127-40D5-8E27-3B0773919360}.Release|x64.Build.0 = Release|x64
		{E9A262F0-3127-40D5-8E27-3B0773919360}.Release|x64.Deploy.0 = Release|x64
		{E9A262F0-3127-40D5-8E27-3B0773919360}.Release|x86.ActiveCfg = Release|x86
		{E9A262F0-3127-40D5-8E27-3B0773919360}.Release|x86.Build.0 = Release|x86
		{E9A262F0-3127-40D5-8E27-3B0773919360}.Release|x86.Deploy.0 = Release|x86
		{6F1EAEC3-24FA-4C9E-B819-60F6EAC6C2B9}.Ad-Hoc|Any CPU.ActiveCfg = Ad-Hoc|iPhone
		{6F1EAEC3-24FA-4C9E-B819-60F6EAC6C2B9}.Ad-Hoc|ARM.ActiveCfg = Ad-Hoc|iPhone
		{6F1EAEC3-24FA-4C9E-B819-60F6EAC6C2B9}.Ad-Hoc|iPhone.ActiveCfg = Ad-Hoc|iPhone
		{6F1EAEC3-24FA-4C9E-B819-60F6EAC6C2B9}.Ad-Hoc|iPhone.Build.0 = Ad-Hoc|iPhone
		{6F1EAEC3-24FA-4C9E-B819-60F6EAC6C2B9}.Ad-Hoc|iPhoneSimulator.ActiveCfg = Ad-Hoc|iPhoneSimulator
		{6F1EAEC3-24FA-4C9E-B819-60F6EAC6C2B9}.Ad-Hoc|iPhoneSimulator.Build.0 = Ad-Hoc|iPhoneSimulator
		{6F1EAEC3-24FA-4C9E-B819-60F6EAC6C2B9}.Ad-Hoc|x64.ActiveCfg = Ad-Hoc|iPhone
		{6F1EAEC3-24FA-4C9E-B819-60F6EAC6C2B9}.Ad-Hoc|x86.ActiveCfg = Ad-Hoc|iPhone
		{6F1EAEC3-24FA-4C9E-B819-60F6EAC6C2B9}.AppStore|Any CPU.ActiveCfg = AppStore|iPhone
		{6F1EAEC3-24FA-4C9E-B819-60F6EAC6C2B9}.AppStore|ARM.ActiveCfg = AppStore|iPhone
		{6F1EAEC3-24FA-4C9E-B819-60F6EAC6C2B9}.AppStore|iPhone.ActiveCfg = AppStore|iPhone
		{6F1EAEC3-24FA-4C9E-B819-60F6EAC6C2B9}.AppStore|iPhone.Build.0 = AppStore|iPhone
		{6F1EAEC3-24FA-4C9E-B819-60F6EAC6C2B9}.AppStore|iPhoneSimulator.ActiveCfg = AppStore|iPhoneSimulator
		{6F1EAEC3-24FA-4C9E-B819-60F6EAC6C2B9}.AppStore|iPhoneSimulator.Build.0 = AppStore|iPhoneSimulator
		{6F1EAEC3-24FA-4C9E-B819-60F6EAC6C2B9}.AppStore|x64.ActiveCfg = AppStore|iPhone
		{6F1EAEC3-24FA-4C9E-B819-60F6EAC6C2B9}.AppStore|x86.ActiveCfg = AppStore|iPhone
		{6F1EAEC3-24FA-4C9E-B819-60F6EAC6C2B9}.Debug|Any CPU.ActiveCfg = Debug|iPhone
		{6F1EAEC3-24FA-4C9E-B819-60F6EAC6C2B9}.Debug|ARM.ActiveCfg = Debug|iPhone
		{6F1EAEC3-24FA-4C9E-B819-60F6EAC6C2B9}.Debug|iPhone.ActiveCfg = Debug|iPhone
		{6F1EAEC3-24FA-4C9E-B819-60F6EAC6C2B9}.Debug|iPhone.Build.0 = Debug|iPhone
		{6F1EAEC3-24FA-4C9E-B819-60F6EAC6C2B9}.Debug|iPhoneSimulator.ActiveCfg = Debug|iPhoneSimulator
		{6F1EAEC3-24FA-4C9E-B819-60F6EAC6C2B9}.Debug|iPhoneSimulator.Build.0 = Debug|iPhoneSimulator
		{6F1EAEC3-24FA-4C9E-B819-60F6EAC6C2B9}.Debug|x64.ActiveCfg = Debug|iPhone
		{6F1EAEC3-24FA-4C9E-B819-60F6EAC6C2B9}.Debug|x86.ActiveCfg = Debug|iPhone
		{6F1EAEC3-24FA-4C9E-B819-60F6EAC6C2B9}.Release|Any CPU.ActiveCfg = Release|iPhone
		{6F1EAEC3-24FA-4C9E-B819-60F6EAC6C2B9}.Release|ARM.ActiveCfg = Release|iPhone
		{6F1EAEC3-24FA-4C9E-B819-60F6EAC6C2B9}.Release|iPhone.ActiveCfg = Release|iPhone
		{6F1EAEC3-24FA-4C9E-B819-60F6EAC6C2B9}.Release|iPhone.Build.0 = Release|iPhone
		{6F1EAEC3-24FA-4C9E-B819-60F6EAC6C2B9}.Release|iPhoneSimulator.ActiveCfg = Release|iPhoneSimulator
		{6F1EAEC3-24FA-4C9E-B819-60F6EAC6C2B9}.Release|iPhoneSimulator.Build.0 = Release|iPhoneSimulator
		{6F1EAEC3-24FA-4C9E-B819-60F6EAC6C2B9}.Release|x64.ActiveCfg = Release|iPhone
		{6F1EAEC3-24FA-4C9E-B819-60F6EAC6C2B9}.Release|x86.ActiveCfg = Release|iPhone
		{D2FC3C0F-B109-4BA8-A08E-39AF03841571}.Ad-Hoc|Any CPU.ActiveCfg = Release|Any CPU
		{D2FC3C0F-B109-4BA8-A08E-39AF03841571}.Ad-Hoc|Any CPU.Build.0 = Release|Any CPU
		{D2FC3C0F-B109-4BA8-A08E-39AF03841571}.Ad-Hoc|ARM.ActiveCfg = Release|Any CPU
		{D2FC3C0F-B109-4BA8-A08E-39AF03841571}.Ad-Hoc|ARM.Build.0 = Release|Any CPU
		{D2FC3C0F-B109-4BA8-A08E-39AF03841571}.Ad-Hoc|iPhone.ActiveCfg = Release|Any CPU
		{D2FC3C0F-B109-4BA8-A08E-39AF03841571}.Ad-Hoc|iPhone.Build.0 = Release|Any CPU
		{D2FC3C0F-B109-4BA8-A08E-39AF03841571}.Ad-Hoc|iPhoneSimulator.ActiveCfg = Release|Any CPU
		{D2FC3C0F-B109-4BA8-A08E-39AF03841571}.Ad-Hoc|iPhoneSimulator.Build.0 = Release|Any CPU
		{D2FC3C0F-B109-4BA8-A08E-39AF03841571}.Ad-Hoc|x64.ActiveCfg = Release|Any CPU
		{D2FC3C0F-B109-4BA8-A08E-39AF03841571}.Ad-Hoc|x64.Build.0 = Release|Any CPU
		{D2FC3C0F-B109-4BA8-A08E-39AF03841571}.Ad-Hoc|x86.ActiveCfg = Release|Any CPU
		{D2FC3C0F-B109-4BA8-A08E-39AF03841571}.Ad-Hoc|x86.Build.0 = Release|Any CPU
		{D2FC3C0F-B109-4BA8-A08E-39AF03841571}.AppStore|Any CPU.ActiveCfg = Release|Any CPU
		{D2FC3C0F-B109-4BA8-A08E-39AF03841571}.AppStore|Any CPU.Build.0 = Release|Any CPU
		{D2FC3C0F-B109-4BA8-A08E-39AF03841571}.AppStore|ARM.ActiveCfg = Release|Any CPU
		{D2FC3C0F-B109-4BA8-A08E-39AF03841571}.AppStore|ARM.Build.0 = Release|Any CPU
		{D2FC3C0F-B109-4BA8-A08E-39AF03841571}.AppStore|iPhone.ActiveCfg = Release|Any CPU
		{D2FC3C0F-B109-4BA8-A08E-39AF03841571}.AppStore|iPhone.Build.0 = Release|Any CPU
		{D2FC3C0F-B109-4BA8-A08E-39AF03841571}.AppStore|iPhoneSimulator.ActiveCfg = Release|Any CPU
		{D2FC3C0F-B109-4BA8-A08E-39AF03841571}.AppStore|iPhoneSimulator.Build.0 = Release|Any CPU
		{D2FC3C0F-B109-4BA8-A08E-39AF03841571}.AppStore|x64.ActiveCfg = Release|Any CPU
		{D2FC3C0F-B109-4BA8-A08E-39AF03841571}.AppStore|x64.Build.0 = Release|Any CPU
		{D2FC3C0F-B109-4BA8-A08E-39AF03841571}.AppStore|x86.ActiveCfg = Release|Any CPU
		{D2FC3C0F-B109-4BA8-A08E-39AF03841571}.AppStore|x86.Build.0 = Release|Any CPU
		{D2FC3C0F-B109-4BA8-A08E-39AF03841571}.Debug|Any CPU.ActiveCfg = Debug|Any CPU
		{D2FC3C0F-B109-4BA8-A08E-39AF03841571}.Debug|Any CPU.Build.0 = Debug|Any CPU
		{D2FC3C0F-B109-4BA8-A08E-39AF03841571}.Debug|ARM.ActiveCfg = Debug|Any CPU
		{D2FC3C0F-B109-4BA8-A08E-39AF03841571}.Debug|ARM.Build.0 = Debug|Any CPU
		{D2FC3C0F-B109-4BA8-A08E-39AF03841571}.Debug|iPhone.ActiveCfg = Debug|Any CPU
		{D2FC3C0F-B109-4BA8-A08E-39AF03841571}.Debug|iPhone.Build.0 = Debug|Any CPU
		{D2FC3C0F-B109-4BA8-A08E-39AF03841571}.Debug|iPhoneSimulator.ActiveCfg = Debug|Any CPU
		{D2FC3C0F-B109-4BA8-A08E-39AF03841571}.Debug|iPhoneSimulator.Build.0 = Debug|Any CPU
		{D2FC3C0F-B109-4BA8-A08E-39AF03841571}.Debug|x64.ActiveCfg = Debug|Any CPU
		{D2FC3C0F-B109-4BA8-A08E-39AF03841571}.Debug|x64.Build.0 = Debug|Any CPU
		{D2FC3C0F-B109-4BA8-A08E-39AF03841571}.Debug|x86.ActiveCfg = Debug|Any CPU
		{D2FC3C0F-B109-4BA8-A08E-39AF03841571}.Debug|x86.Build.0 = Debug|Any CPU
		{D2FC3C0F-B109-4BA8-A08E-39AF03841571}.Release|Any CPU.ActiveCfg = Release|Any CPU
		{D2FC3C0F-B109-4BA8-A08E-39AF03841571}.Release|Any CPU.Build.0 = Release|Any CPU
		{D2FC3C0F-B109-4BA8-A08E-39AF03841571}.Release|ARM.ActiveCfg = Release|Any CPU
		{D2FC3C0F-B109-4BA8-A08E-39AF03841571}.Release|ARM.Build.0 = Release|Any CPU
		{D2FC3C0F-B109-4BA8-A08E-39AF03841571}.Release|iPhone.ActiveCfg = Release|Any CPU
		{D2FC3C0F-B109-4BA8-A08E-39AF03841571}.Release|iPhone.Build.0 = Release|Any CPU
		{D2FC3C0F-B109-4BA8-A08E-39AF03841571}.Release|iPhoneSimulator.ActiveCfg = Release|Any CPU
		{D2FC3C0F-B109-4BA8-A08E-39AF03841571}.Release|iPhoneSimulator.Build.0 = Release|Any CPU
		{D2FC3C0F-B109-4BA8-A08E-39AF03841571}.Release|x64.ActiveCfg = Release|Any CPU
		{D2FC3C0F-B109-4BA8-A08E-39AF03841571}.Release|x64.Build.0 = Release|Any CPU
		{D2FC3C0F-B109-4BA8-A08E-39AF03841571}.Release|x86.ActiveCfg = Release|Any CPU
		{D2FC3C0F-B109-4BA8-A08E-39AF03841571}.Release|x86.Build.0 = Release|Any CPU
		{2B190323-BE58-452D-AB83-A9D6456AC404}.Ad-Hoc|Any CPU.ActiveCfg = Release|Any CPU
		{2B190323-BE58-452D-AB83-A9D6456AC404}.Ad-Hoc|Any CPU.Build.0 = Release|Any CPU
		{2B190323-BE58-452D-AB83-A9D6456AC404}.Ad-Hoc|ARM.ActiveCfg = Release|Any CPU
		{2B190323-BE58-452D-AB83-A9D6456AC404}.Ad-Hoc|ARM.Build.0 = Release|Any CPU
		{2B190323-BE58-452D-AB83-A9D6456AC404}.Ad-Hoc|iPhone.ActiveCfg = Release|Any CPU
		{2B190323-BE58-452D-AB83-A9D6456AC404}.Ad-Hoc|iPhone.Build.0 = Release|Any CPU
		{2B190323-BE58-452D-AB83-A9D6456AC404}.Ad-Hoc|iPhoneSimulator.ActiveCfg = Release|Any CPU
		{2B190323-BE58-452D-AB83-A9D6456AC404}.Ad-Hoc|iPhoneSimulator.Build.0 = Release|Any CPU
		{2B190323-BE58-452D-AB83-A9D6456AC404}.Ad-Hoc|x64.ActiveCfg = Release|Any CPU
		{2B190323-BE58-452D-AB83-A9D6456AC404}.Ad-Hoc|x64.Build.0 = Release|Any CPU
		{2B190323-BE58-452D-AB83-A9D6456AC404}.Ad-Hoc|x86.ActiveCfg = Release|Any CPU
		{2B190323-BE58-452D-AB83-A9D6456AC404}.Ad-Hoc|x86.Build.0 = Release|Any CPU
		{2B190323-BE58-452D-AB83-A9D6456AC404}.AppStore|Any CPU.ActiveCfg = Release|Any CPU
		{2B190323-BE58-452D-AB83-A9D6456AC404}.AppStore|Any CPU.Build.0 = Release|Any CPU
		{2B190323-BE58-452D-AB83-A9D6456AC404}.AppStore|ARM.ActiveCfg = Release|Any CPU
		{2B190323-BE58-452D-AB83-A9D6456AC404}.AppStore|ARM.Build.0 = Release|Any CPU
		{2B190323-BE58-452D-AB83-A9D6456AC404}.AppStore|iPhone.ActiveCfg = Release|Any CPU
		{2B190323-BE58-452D-AB83-A9D6456AC404}.AppStore|iPhone.Build.0 = Release|Any CPU
		{2B190323-BE58-452D-AB83-A9D6456AC404}.AppStore|iPhoneSimulator.ActiveCfg = Release|Any CPU
		{2B190323-BE58-452D-AB83-A9D6456AC404}.AppStore|iPhoneSimulator.Build.0 = Release|Any CPU
		{2B190323-BE58-452D-AB83-A9D6456AC404}.AppStore|x64.ActiveCfg = Release|Any CPU
		{2B190323-BE58-452D-AB83-A9D6456AC404}.AppStore|x64.Build.0 = Release|Any CPU
		{2B190323-BE58-452D-AB83-A9D6456AC404}.AppStore|x86.ActiveCfg = Release|Any CPU
		{2B190323-BE58-452D-AB83-A9D6456AC404}.AppStore|x86.Build.0 = Release|Any CPU
		{2B190323-BE58-452D-AB83-A9D6456AC404}.Debug|Any CPU.ActiveCfg = Debug|Any CPU
		{2B190323-BE58-452D-AB83-A9D6456AC404}.Debug|Any CPU.Build.0 = Debug|Any CPU
		{2B190323-BE58-452D-AB83-A9D6456AC404}.Debug|ARM.ActiveCfg = Debug|Any CPU
		{2B190323-BE58-452D-AB83-A9D6456AC404}.Debug|ARM.Build.0 = Debug|Any CPU
		{2B190323-BE58-452D-AB83-A9D6456AC404}.Debug|iPhone.ActiveCfg = Debug|Any CPU
		{2B190323-BE58-452D-AB83-A9D6456AC404}.Debug|iPhone.Build.0 = Debug|Any CPU
		{2B190323-BE58-452D-AB83-A9D6456AC404}.Debug|iPhoneSimulator.ActiveCfg = Debug|Any CPU
		{2B190323-BE58-452D-AB83-A9D6456AC404}.Debug|iPhoneSimulator.Build.0 = Debug|Any CPU
		{2B190323-BE58-452D-AB83-A9D6456AC404}.Debug|x64.ActiveCfg = Debug|Any CPU
		{2B190323-BE58-452D-AB83-A9D6456AC404}.Debug|x64.Build.0 = Debug|Any CPU
		{2B190323-BE58-452D-AB83-A9D6456AC404}.Debug|x86.ActiveCfg = Debug|Any CPU
		{2B190323-BE58-452D-AB83-A9D6456AC404}.Debug|x86.Build.0 = Debug|Any CPU
		{2B190323-BE58-452D-AB83-A9D6456AC404}.Release|Any CPU.ActiveCfg = Release|Any CPU
		{2B190323-BE58-452D-AB83-A9D6456AC404}.Release|Any CPU.Build.0 = Release|Any CPU
		{2B190323-BE58-452D-AB83-A9D6456AC404}.Release|ARM.ActiveCfg = Release|Any CPU
		{2B190323-BE58-452D-AB83-A9D6456AC404}.Release|ARM.Build.0 = Release|Any CPU
		{2B190323-BE58-452D-AB83-A9D6456AC404}.Release|iPhone.ActiveCfg = Release|Any CPU
		{2B190323-BE58-452D-AB83-A9D6456AC404}.Release|iPhone.Build.0 = Release|Any CPU
		{2B190323-BE58-452D-AB83-A9D6456AC404}.Release|iPhoneSimulator.ActiveCfg = Release|Any CPU
		{2B190323-BE58-452D-AB83-A9D6456AC404}.Release|iPhoneSimulator.Build.0 = Release|Any CPU
		{2B190323-BE58-452D-AB83-A9D6456AC404}.Release|x64.ActiveCfg = Release|Any CPU
		{2B190323-BE58-452D-AB83-A9D6456AC404}.Release|x64.Build.0 = Release|Any CPU
		{2B190323-BE58-452D-AB83-A9D6456AC404}.Release|x86.ActiveCfg = Release|Any CPU
		{2B190323-BE58-452D-AB83-A9D6456AC404}.Release|x86.Build.0 = Release|Any CPU
	EndGlobalSection
	GlobalSection(SolutionProperties) = preSolution
		HideSolutionNode = FALSE
	EndGlobalSection
	GlobalSection(ExtensibilityGlobals) = postSolution
		SolutionGuid = {0D85E297-6F46-42FC-87CB-333D67627E64}
	EndGlobalSection
EndGlobal
